// !$*UTF8*$!
{
	archiveVersion = 1;
	classes = {
	};
	objectVersion = 56;
	objects = {

/* Begin PBXBuildFile section */
		FFE69C082BC6F87900D51A8F /* sim5_test_commonCode.c in Sources */ = {isa = PBXBuildFile; fileRef = FF06FE702BC634AD004A8744 /* sim5_test_commonCode.c */; };
		FFE69C132BC897E400D51A8F /* sim5.c in Sources */ = {isa = PBXBuildFile; fileRef = FF06FE6D2BC632A4004A8744 /* sim5.c */; };
		FFE69C182BC8AB4800D51A8F /* test_08_WB_nonPipelined.c in Sources */ = {isa = PBXBuildFile; fileRef = FF06FE682BC5CC96004A8744 /* test_08_WB_nonPipelined.c */; };
/* End PBXBuildFile section */

/* Begin PBXBuildRule section */
		FF06FE742BC635DF004A8744 /* PBXBuildRule */ = {
			isa = PBXBuildRule;
			compilerSpec = com.apple.compilers.proxy.script;
			fileType = text.plist;
			inputFiles = (
			);
			isEditable = 1;
			outputFiles = (
			);
			runOncePerArchitecture = 0;
			script = "# builtin-copyPlist\n";
		};
/* End PBXBuildRule section */

/* Begin PBXCopyFilesBuildPhase section */
		FF06FE382BC5CC72004A8744 /* CopyFiles */ = {
			isa = PBXCopyFilesBuildPhase;
			buildActionMask = 2147483647;
			dstPath = /usr/share/man/man1/;
			dstSubfolderSpec = 0;
			files = (
			);
			runOnlyForDeploymentPostprocessing = 1;
		};
/* End PBXCopyFilesBuildPhase section */

/* Begin PBXFileReference section */
		FF06FE3A2BC5CC72004A8744 /* sim#5 */ = {isa = PBXFileReference; explicitFileType = "compiled.mach-o.executable"; includeInIndex = 0; path = "sim#5"; sourceTree = BUILT_PRODUCTS_DIR; };
		FF06FE3D2BC5CC72004A8744 /* main.c */ = {isa = PBXFileReference; lastKnownFileType = sourcecode.c.c; path = main.c; sourceTree = "<group>"; };
		FF06FE442BC5CC96004A8744 /* test_11_syscalls.out */ = {isa = PBXFileReference; lastKnownFileType = text; name = test_11_syscalls.out; path = ../../sim5/test_11_syscalls.out; sourceTree = "<group>"; };
		FF06FE452BC5CC96004A8744 /* test_14_LUI.c */ = {isa = PBXFileReference; lastKnownFileType = sourcecode.c.c; name = test_14_LUI.c; path = ../../sim5/test_14_LUI.c; sourceTree = "<group>"; };
		FF06FE462BC5CC96004A8744 /* test_16_NOR.out */ = {isa = PBXFileReference; lastKnownFileType = text; name = test_16_NOR.out; path = ../../sim5/test_16_NOR.out; sourceTree = "<group>"; };
		FF06FE472BC5CC96004A8744 /* test_14_LUI.out */ = {isa = PBXFileReference; lastKnownFileType = text; name = test_14_LUI.out; path = ../../sim5/test_14_LUI.out; sourceTree = "<group>"; };
		FF06FE482BC5CC96004A8744 /* test_12_multipleInstructions1.out */ = {isa = PBXFileReference; lastKnownFileType = text; name = test_12_multipleInstructions1.out; path = ../../sim5/test_12_multipleInstructions1.out; sourceTree = "<group>"; };
		FF06FE492BC5CC96004A8744 /* test_13_multipleInstructions1-noDebug.out */ = {isa = PBXFileReference; lastKnownFileType = text; name = "test_13_multipleInstructions1-noDebug.out"; path = "../../sim5/test_13_multipleInstructions1-noDebug.out"; sourceTree = "<group>"; };
		FF06FE4A2BC5CC96004A8744 /* test_15_XOR.out */ = {isa = PBXFileReference; lastKnownFileType = text; name = test_15_XOR.out; path = ../../sim5/test_15_XOR.out; sourceTree = "<group>"; };
		FF06FE4B2BC5CC96004A8744 /* test_18_MEM_forwarding_into_memUnit.out */ = {isa = PBXFileReference; lastKnownFileType = text; name = test_18_MEM_forwarding_into_memUnit.out; path = ../../sim5/test_18_MEM_forwarding_into_memUnit.out; sourceTree = "<group>"; };
		FF06FE4C2BC5CC96004A8744 /* test_07_MEM_nonPipelined.c */ = {isa = PBXFileReference; lastKnownFileType = sourcecode.c.c; name = test_07_MEM_nonPipelined.c; path = ../../sim5/test_07_MEM_nonPipelined.c; sourceTree = "<group>"; };
		FF06FE4D2BC5CC96004A8744 /* test_01_ID_simple.c */ = {isa = PBXFileReference; lastKnownFileType = sourcecode.c.c; name = test_01_ID_simple.c; path = ../../sim5/test_01_ID_simple.c; sourceTree = "<group>"; };
		FF06FE4F2BC5CC96004A8744 /* test_12_multipleInstructions1.c */ = {isa = PBXFileReference; lastKnownFileType = sourcecode.c.c; name = test_12_multipleInstructions1.c; path = ../../sim5/test_12_multipleInstructions1.c; sourceTree = "<group>"; };
		FF06FE502BC5CC96004A8744 /* test_13_multipleInstructions1-noDebug.c */ = {isa = PBXFileReference; lastKnownFileType = sourcecode.c.c; name = "test_13_multipleInstructions1-noDebug.c"; path = "../../sim5/test_13_multipleInstructions1-noDebug.c"; sourceTree = "<group>"; };
		FF06FE522BC5CC96004A8744 /* test_06_EX_forwarding.c */ = {isa = PBXFileReference; lastKnownFileType = sourcecode.c.c; name = test_06_EX_forwarding.c; path = ../../sim5/test_06_EX_forwarding.c; sourceTree = "<group>"; };
		FF06FE532BC5CC96004A8744 /* test_17_ID_with_SW_stall_check.out */ = {isa = PBXFileReference; lastKnownFileType = text; name = test_17_ID_with_SW_stall_check.out; path = ../../sim5/test_17_ID_with_SW_stall_check.out; sourceTree = "<group>"; };
		FF06FE542BC5CC96004A8744 /* test_04_ID_with_MATCHing_LW_ahead.c */ = {isa = PBXFileReference; lastKnownFileType = sourcecode.c.c; name = test_04_ID_with_MATCHing_LW_ahead.c; path = ../../sim5/test_04_ID_with_MATCHing_LW_ahead.c; sourceTree = "<group>"; };
		FF06FE552BC5CC96004A8744 /* test_07_MEM_nonPipelined.out */ = {isa = PBXFileReference; lastKnownFileType = text; name = test_07_MEM_nonPipelined.out; path = ../../sim5/test_07_MEM_nonPipelined.out; sourceTree = "<group>"; };
		FF06FE562BC5CC96004A8744 /* test_05_EX_nonPipelined.out */ = {isa = PBXFileReference; lastKnownFileType = text; name = test_05_EX_nonPipelined.out; path = ../../sim5/test_05_EX_nonPipelined.out; sourceTree = "<group>"; };
		FF06FE592BC5CC96004A8744 /* test_11_syscalls.c */ = {isa = PBXFileReference; lastKnownFileType = sourcecode.c.c; name = test_11_syscalls.c; path = ../../sim5/test_11_syscalls.c; sourceTree = "<group>"; };
		FF06FE5A2BC5CC96004A8744 /* test_15_XOR.c */ = {isa = PBXFileReference; lastKnownFileType = sourcecode.c.c; name = test_15_XOR.c; path = ../../sim5/test_15_XOR.c; sourceTree = "<group>"; };
		FF06FE5B2BC5CC96004A8744 /* test_16_NOR.c */ = {isa = PBXFileReference; lastKnownFileType = sourcecode.c.c; name = test_16_NOR.c; path = ../../sim5/test_16_NOR.c; sourceTree = "<group>"; };
		FF06FE5C2BC5CC96004A8744 /* test_18_MEM_forwarding_into_memUnit.c */ = {isa = PBXFileReference; lastKnownFileType = sourcecode.c.c; name = test_18_MEM_forwarding_into_memUnit.c; path = ../../sim5/test_18_MEM_forwarding_into_memUnit.c; sourceTree = "<group>"; };
		FF06FE5F2BC5CC96004A8744 /* test_09_pipelined.c */ = {isa = PBXFileReference; lastKnownFileType = sourcecode.c.c; name = test_09_pipelined.c; path = ../../sim5/test_09_pipelined.c; sourceTree = "<group>"; };
		FF06FE602BC5CC96004A8744 /* test_03_ID_with_nonMatching_LW_ahead.c */ = {isa = PBXFileReference; lastKnownFileType = sourcecode.c.c; name = test_03_ID_with_nonMatching_LW_ahead.c; path = ../../sim5/test_03_ID_with_nonMatching_LW_ahead.c; sourceTree = "<group>"; };
		FF06FE622BC5CC96004A8744 /* grade_sim5 */ = {isa = PBXFileReference; lastKnownFileType = text.script.sh; name = grade_sim5; path = ../../sim5/grade_sim5; sourceTree = "<group>"; };
		FF06FE642BC5CC96004A8744 /* test_17_ID_with_SW_stall_check.c */ = {isa = PBXFileReference; lastKnownFileType = sourcecode.c.c; name = test_17_ID_with_SW_stall_check.c; path = ../../sim5/test_17_ID_with_SW_stall_check.c; sourceTree = "<group>"; };
		FF06FE652BC5CC96004A8744 /* test_02_ID_branchesAndJumps.c */ = {isa = PBXFileReference; lastKnownFileType = sourcecode.c.c; name = test_02_ID_branchesAndJumps.c; path = ../../sim5/test_02_ID_branchesAndJumps.c; sourceTree = "<group>"; };
		FF06FE662BC5CC96004A8744 /* test_08_WB_nonPipelined.out */ = {isa = PBXFileReference; lastKnownFileType = text; name = test_08_WB_nonPipelined.out; path = ../../sim5/test_08_WB_nonPipelined.out; sourceTree = "<group>"; };
		FF06FE672BC5CC96004A8744 /* test_05_EX_nonPipelined.c */ = {isa = PBXFileReference; lastKnownFileType = sourcecode.c.c; name = test_05_EX_nonPipelined.c; path = ../../sim5/test_05_EX_nonPipelined.c; sourceTree = "<group>"; };
		FF06FE682BC5CC96004A8744 /* test_08_WB_nonPipelined.c */ = {isa = PBXFileReference; lastKnownFileType = sourcecode.c.c; name = test_08_WB_nonPipelined.c; path = ../../sim5/test_08_WB_nonPipelined.c; sourceTree = "<group>"; };
		FF06FE692BC5CC96004A8744 /* test_09_pipelined.out */ = {isa = PBXFileReference; lastKnownFileType = text; name = test_09_pipelined.out; path = ../../sim5/test_09_pipelined.out; sourceTree = "<group>"; };
		FF06FE6A2BC5CC96004A8744 /* test_06_EX_forwarding.out */ = {isa = PBXFileReference; lastKnownFileType = text; name = test_06_EX_forwarding.out; path = ../../sim5/test_06_EX_forwarding.out; sourceTree = "<group>"; };
		FF06FE6D2BC632A4004A8744 /* sim5.c */ = {isa = PBXFileReference; fileEncoding = 4; lastKnownFileType = sourcecode.c.c; path = sim5.c; sourceTree = "<group>"; };
		FF06FE702BC634AD004A8744 /* sim5_test_commonCode.c */ = {isa = PBXFileReference; lastKnownFileType = sourcecode.c.c; path = sim5_test_commonCode.c; sourceTree = "<group>"; };
		FF06FE712BC634AD004A8744 /* sim5.h */ = {isa = PBXFileReference; lastKnownFileType = sourcecode.c.h; path = sim5.h; sourceTree = "<group>"; };
		FF06FE722BC634AD004A8744 /* sim5_test_commonCode.h */ = {isa = PBXFileReference; lastKnownFileType = sourcecode.c.h; path = sim5_test_commonCode.h; sourceTree = "<group>"; };
		FFE69C0C2BC71E6500D51A8F /* test_01_ID_simple.out */ = {isa = PBXFileReference; lastKnownFileType = text; name = test_01_ID_simple.out; path = ../../sim5/test_01_ID_simple.out; sourceTree = "<group>"; };
		FFE69C0E2BC731D800D51A8F /* test_02_ID_branchesAndJumps.out */ = {isa = PBXFileReference; lastKnownFileType = text; name = test_02_ID_branchesAndJumps.out; path = ../../sim5/test_02_ID_branchesAndJumps.out; sourceTree = "<group>"; };
/* End PBXFileReference section */

/* Begin PBXFrameworksBuildPhase section */
		FF06FE372BC5CC72004A8744 /* Frameworks */ = {
			isa = PBXFrameworksBuildPhase;
			buildActionMask = 2147483647;
			files = (
			);
			runOnlyForDeploymentPostprocessing = 0;
		};
/* End PBXFrameworksBuildPhase section */

/* Begin PBXGroup section */
		FF06FE312BC5CC72004A8744 = {
			isa = PBXGroup;
			children = (
				FF06FE3C2BC5CC72004A8744 /* sim#5 */,
				FF06FE3B2BC5CC72004A8744 /* Products */,
			);
			sourceTree = "<group>";
		};
		FF06FE3B2BC5CC72004A8744 /* Products */ = {
			isa = PBXGroup;
			children = (
				FF06FE3A2BC5CC72004A8744 /* sim#5 */,
			);
			name = Products;
			sourceTree = "<group>";
		};
		FF06FE3C2BC5CC72004A8744 /* sim#5 */ = {
			isa = PBXGroup;
			children = (
				FF06FE3D2BC5CC72004A8744 /* main.c */,
				FF06FE622BC5CC96004A8744 /* grade_sim5 */,
				FF06FE6D2BC632A4004A8744 /* sim5.c */,
				FF06FE702BC634AD004A8744 /* sim5_test_commonCode.c */,
				FF06FE722BC634AD004A8744 /* sim5_test_commonCode.h */,
				FF06FE712BC634AD004A8744 /* sim5.h */,
				FF06FE4D2BC5CC96004A8744 /* test_01_ID_simple.c */,
				FFE69C0C2BC71E6500D51A8F /* test_01_ID_simple.out */,
				FF06FE652BC5CC96004A8744 /* test_02_ID_branchesAndJumps.c */,
				FFE69C0E2BC731D800D51A8F /* test_02_ID_branchesAndJumps.out */,
				FF06FE602BC5CC96004A8744 /* test_03_ID_with_nonMatching_LW_ahead.c */,
				FF06FE542BC5CC96004A8744 /* test_04_ID_with_MATCHing_LW_ahead.c */,
				FF06FE672BC5CC96004A8744 /* test_05_EX_nonPipelined.c */,
				FF06FE562BC5CC96004A8744 /* test_05_EX_nonPipelined.out */,
				FF06FE522BC5CC96004A8744 /* test_06_EX_forwarding.c */,
				FF06FE6A2BC5CC96004A8744 /* test_06_EX_forwarding.out */,
				FF06FE4C2BC5CC96004A8744 /* test_07_MEM_nonPipelined.c */,
				FF06FE552BC5CC96004A8744 /* test_07_MEM_nonPipelined.out */,
				FF06FE682BC5CC96004A8744 /* test_08_WB_nonPipelined.c */,
				FF06FE662BC5CC96004A8744 /* test_08_WB_nonPipelined.out */,
				FF06FE5F2BC5CC96004A8744 /* test_09_pipelined.c */,
				FF06FE692BC5CC96004A8744 /* test_09_pipelined.out */,
				FF06FE592BC5CC96004A8744 /* test_11_syscalls.c */,
				FF06FE442BC5CC96004A8744 /* test_11_syscalls.out */,
				FF06FE4F2BC5CC96004A8744 /* test_12_multipleInstructions1.c */,
				FF06FE482BC5CC96004A8744 /* test_12_multipleInstructions1.out */,
				FF06FE502BC5CC96004A8744 /* test_13_multipleInstructions1-noDebug.c */,
				FF06FE492BC5CC96004A8744 /* test_13_multipleInstructions1-noDebug.out */,
				FF06FE452BC5CC96004A8744 /* test_14_LUI.c */,
				FF06FE472BC5CC96004A8744 /* test_14_LUI.out */,
				FF06FE5A2BC5CC96004A8744 /* test_15_XOR.c */,
				FF06FE4A2BC5CC96004A8744 /* test_15_XOR.out */,
				FF06FE5B2BC5CC96004A8744 /* test_16_NOR.c */,
				FF06FE462BC5CC96004A8744 /* test_16_NOR.out */,
				FF06FE642BC5CC96004A8744 /* test_17_ID_with_SW_stall_check.c */,
				FF06FE532BC5CC96004A8744 /* test_17_ID_with_SW_stall_check.out */,
				FF06FE5C2BC5CC96004A8744 /* test_18_MEM_forwarding_into_memUnit.c */,
				FF06FE4B2BC5CC96004A8744 /* test_18_MEM_forwarding_into_memUnit.out */,
			);
			path = "sim#5";
			sourceTree = "<group>";
		};
/* End PBXGroup section */

/* Begin PBXNativeTarget section */
		FF06FE392BC5CC72004A8744 /* sim#5 */ = {
			isa = PBXNativeTarget;
			buildConfigurationList = FF06FE412BC5CC72004A8744 /* Build configuration list for PBXNativeTarget "sim#5" */;
			buildPhases = (
				FF06FE362BC5CC72004A8744 /* Sources */,
				FF06FE372BC5CC72004A8744 /* Frameworks */,
				FF06FE382BC5CC72004A8744 /* CopyFiles */,
			);
			buildRules = (
				FF06FE742BC635DF004A8744 /* PBXBuildRule */,
			);
			dependencies = (
			);
			name = "sim#5";
			productName = "sim#5";
			productReference = FF06FE3A2BC5CC72004A8744 /* sim#5 */;
			productType = "com.apple.product-type.tool";
		};
/* End PBXNativeTarget section */

/* Begin PBXProject section */
		FF06FE322BC5CC72004A8744 /* Project object */ = {
			isa = PBXProject;
			attributes = {
				BuildIndependentTargetsInParallel = 1;
				LastUpgradeCheck = 1530;
				TargetAttributes = {
					FF06FE392BC5CC72004A8744 = {
						CreatedOnToolsVersion = 15.3;
					};
				};
			};
			buildConfigurationList = FF06FE352BC5CC72004A8744 /* Build configuration list for PBXProject "sim#5" */;
			compatibilityVersion = "Xcode 14.0";
			developmentRegion = en;
			hasScannedForEncodings = 0;
			knownRegions = (
				en,
				Base,
			);
			mainGroup = FF06FE312BC5CC72004A8744;
			productRefGroup = FF06FE3B2BC5CC72004A8744 /* Products */;
			projectDirPath = "";
			projectRoot = "";
			targets = (
				FF06FE392BC5CC72004A8744 /* sim#5 */,
			);
		};
/* End PBXProject section */

/* Begin PBXSourcesBuildPhase section */
		FF06FE362BC5CC72004A8744 /* Sources */ = {
			isa = PBXSourcesBuildPhase;
			buildActionMask = 2147483647;
			files = (
				FFE69C132BC897E400D51A8F /* sim5.c in Sources */,
				FFE69C082BC6F87900D51A8F /* sim5_test_commonCode.c in Sources */,
				FFE69C182BC8AB4800D51A8F /* test_08_WB_nonPipelined.c in Sources */,
			);
			runOnlyForDeploymentPostprocessing = 0;
		};
/* End PBXSourcesBuildPhase section */

/* Begin XCBuildConfiguration section */
		FF06FE3F2BC5CC72004A8744 /* Debug */ = {
			isa = XCBuildConfiguration;
			buildSettings = {
				ALWAYS_SEARCH_USER_PATHS = NO;
				ASSETCATALOG_COMPILER_GENERATE_SWIFT_ASSET_SYMBOL_EXTENSIONS = YES;
				CLANG_ANALYZER_NONNULL = YES;
				CLANG_ANALYZER_NUMBER_OBJECT_CONVERSION = YES_AGGRESSIVE;
				CLANG_CXX_LANGUAGE_STANDARD = "gnu++20";
				CLANG_ENABLE_MODULES = YES;
				CLANG_ENABLE_OBJC_ARC = YES;
				CLANG_ENABLE_OBJC_WEAK = YES;
				CLANG_WARN_BLOCK_CAPTURE_AUTORELEASING = YES;
				CLANG_WARN_BOOL_CONVERSION = YES;
				CLANG_WARN_COMMA = YES;
				CLANG_WARN_CONSTANT_CONVERSION = YES;
				CLANG_WARN_DEPRECATED_OBJC_IMPLEMENTATIONS = YES;
				CLANG_WARN_DIRECT_OBJC_ISA_USAGE = YES_ERROR;
				CLANG_WARN_DOCUMENTATION_COMMENTS = YES;
				CLANG_WARN_EMPTY_BODY = YES;
				CLANG_WARN_ENUM_CONVERSION = YES;
				CLANG_WARN_INFINITE_RECURSION = YES;
				CLANG_WARN_INT_CONVERSION = YES;
				CLANG_WARN_NON_LITERAL_NULL_CONVERSION = YES;
				CLANG_WARN_OBJC_IMPLICIT_RETAIN_SELF = YES;
				CLANG_WARN_OBJC_LITERAL_CONVERSION = YES;
				CLANG_WARN_OBJC_ROOT_CLASS = YES_ERROR;
				CLANG_WARN_QUOTED_INCLUDE_IN_FRAMEWORK_HEADER = YES;
				CLANG_WARN_RANGE_LOOP_ANALYSIS = YES;
				CLANG_WARN_STRICT_PROTOTYPES = YES;
				CLANG_WARN_SUSPICIOUS_MOVE = YES;
				CLANG_WARN_UNGUARDED_AVAILABILITY = YES_AGGRESSIVE;
				CLANG_WARN_UNREACHABLE_CODE = YES;
				CLANG_WARN__DUPLICATE_METHOD_MATCH = YES;
				COPY_PHASE_STRIP = NO;
				DEBUG_INFORMATION_FORMAT = dwarf;
				ENABLE_STRICT_OBJC_MSGSEND = YES;
				ENABLE_TESTABILITY = YES;
				ENABLE_USER_SCRIPT_SANDBOXING = YES;
				GCC_C_LANGUAGE_STANDARD = gnu17;
				GCC_DYNAMIC_NO_PIC = NO;
				GCC_NO_COMMON_BLOCKS = YES;
				GCC_OPTIMIZATION_LEVEL = 0;
				GCC_PREPROCESSOR_DEFINITIONS = (
					"DEBUG=1",
					"$(inherited)",
				);
				GCC_WARN_64_TO_32_BIT_CONVERSION = YES;
				GCC_WARN_ABOUT_RETURN_TYPE = YES_ERROR;
				GCC_WARN_UNDECLARED_SELECTOR = YES;
				GCC_WARN_UNINITIALIZED_AUTOS = YES_AGGRESSIVE;
				GCC_WARN_UNUSED_FUNCTION = YES;
				GCC_WARN_UNUSED_VARIABLE = YES;
				LOCALIZATION_PREFERS_STRING_CATALOGS = YES;
				MACOSX_DEPLOYMENT_TARGET = 14.4;
				MTL_ENABLE_DEBUG_INFO = INCLUDE_SOURCE;
				MTL_FAST_MATH = YES;
				ONLY_ACTIVE_ARCH = YES;
				SDKROOT = macosx;
			};
			name = Debug;
		};
		FF06FE402BC5CC72004A8744 /* Release */ = {
			isa = XCBuildConfiguration;
			buildSettings = {
				ALWAYS_SEARCH_USER_PATHS = NO;
				ASSETCATALOG_COMPILER_GENERATE_SWIFT_ASSET_SYMBOL_EXTENSIONS = YES;
				CLANG_ANALYZER_NONNULL = YES;
				CLANG_ANALYZER_NUMBER_OBJECT_CONVERSION = YES_AGGRESSIVE;
				CLANG_CXX_LANGUAGE_STANDARD = "gnu++20";
				CLANG_ENABLE_MODULES = YES;
				CLANG_ENABLE_OBJC_ARC = YES;
				CLANG_ENABLE_OBJC_WEAK = YES;
				CLANG_WARN_BLOCK_CAPTURE_AUTORELEASING = YES;
				CLANG_WARN_BOOL_CONVERSION = YES;
				CLANG_WARN_COMMA = YES;
				CLANG_WARN_CONSTANT_CONVERSION = YES;
				CLANG_WARN_DEPRECATED_OBJC_IMPLEMENTATIONS = YES;
				CLANG_WARN_DIRECT_OBJC_ISA_USAGE = YES_ERROR;
				CLANG_WARN_DOCUMENTATION_COMMENTS = YES;
				CLANG_WARN_EMPTY_BODY = YES;
				CLANG_WARN_ENUM_CONVERSION = YES;
				CLANG_WARN_INFINITE_RECURSION = YES;
				CLANG_WARN_INT_CONVERSION = YES;
				CLANG_WARN_NON_LITERAL_NULL_CONVERSION = YES;
				CLANG_WARN_OBJC_IMPLICIT_RETAIN_SELF = YES;
				CLANG_WARN_OBJC_LITERAL_CONVERSION = YES;
				CLANG_WARN_OBJC_ROOT_CLASS = YES_ERROR;
				CLANG_WARN_QUOTED_INCLUDE_IN_FRAMEWORK_HEADER = YES;
				CLANG_WARN_RANGE_LOOP_ANALYSIS = YES;
				CLANG_WARN_STRICT_PROTOTYPES = YES;
				CLANG_WARN_SUSPICIOUS_MOVE = YES;
				CLANG_WARN_UNGUARDED_AVAILABILITY = YES_AGGRESSIVE;
				CLANG_WARN_UNREACHABLE_CODE = YES;
				CLANG_WARN__DUPLICATE_METHOD_MATCH = YES;
				COPY_PHASE_STRIP = NO;
				DEBUG_INFORMATION_FORMAT = "dwarf-with-dsym";
				ENABLE_NS_ASSERTIONS = NO;
				ENABLE_STRICT_OBJC_MSGSEND = YES;
				ENABLE_USER_SCRIPT_SANDBOXING = YES;
				GCC_C_LANGUAGE_STANDARD = gnu17;
				GCC_NO_COMMON_BLOCKS = YES;
				GCC_WARN_64_TO_32_BIT_CONVERSION = YES;
				GCC_WARN_ABOUT_RETURN_TYPE = YES_ERROR;
				GCC_WARN_UNDECLARED_SELECTOR = YES;
				GCC_WARN_UNINITIALIZED_AUTOS = YES_AGGRESSIVE;
				GCC_WARN_UNUSED_FUNCTION = YES;
				GCC_WARN_UNUSED_VARIABLE = YES;
				LOCALIZATION_PREFERS_STRING_CATALOGS = YES;
				MACOSX_DEPLOYMENT_TARGET = 14.4;
				MTL_ENABLE_DEBUG_INFO = NO;
				MTL_FAST_MATH = YES;
				SDKROOT = macosx;
			};
			name = Release;
		};
		FF06FE422BC5CC72004A8744 /* Debug */ = {
			isa = XCBuildConfiguration;
			buildSettings = {
				CODE_SIGN_STYLE = Automatic;
				PRODUCT_NAME = "$(TARGET_NAME)";
			};
			name = Debug;
		};
		FF06FE432BC5CC72004A8744 /* Release */ = {
			isa = XCBuildConfiguration;
			buildSettings = {
				CODE_SIGN_STYLE = Automatic;
				PRODUCT_NAME = "$(TARGET_NAME)";
			};
			name = Release;
		};
/* End XCBuildConfiguration section */

/* Begin XCConfigurationList section */
		FF06FE352BC5CC72004A8744 /* Build configuration list for PBXProject "sim#5" */ = {
			isa = XCConfigurationList;
			buildConfigurations = (
				FF06FE3F2BC5CC72004A8744 /* Debug */,
				FF06FE402BC5CC72004A8744 /* Release */,
			);
			defaultConfigurationIsVisible = 0;
			defaultConfigurationName = Release;
		};
		FF06FE412BC5CC72004A8744 /* Build configuration list for PBXNativeTarget "sim#5" */ = {
			isa = XCConfigurationList;
			buildConfigurations = (
				FF06FE422BC5CC72004A8744 /* Debug */,
				FF06FE432BC5CC72004A8744 /* Release */,
			);
			defaultConfigurationIsVisible = 0;
			defaultConfigurationName = Release;
		};
/* End XCConfigurationList section */
	};
	rootObject = FF06FE322BC5CC72004A8744 /* Project object */;
}
